
Microsoft Visual Studio Solution File, Format Version 12.00
# Visual Studio Version 17
VisualStudioVersion = 17.14.36408.4
MinimumVisualStudioVersion = 10.0.40219.1
Project("{FAE04EC0-301F-11D3-BF4B-00C04F79EFBC}") = "FlowBoard.Domain", "FlowBoard.Domain\FlowBoard.Domain.csproj", "{4621607A-BA49-4A38-80A8-0EDE8512FB4E}"
EndProject
Project("{FAE04EC0-301F-11D3-BF4B-00C04F79EFBC}") = "FlowBoard.Application", "FlowBoard.Application\FlowBoard.Application.csproj", "{8DDF5BE4-8D38-42BC-89D2-C10A5D151CA8}"
EndProject
Project("{FAE04EC0-301F-11D3-BF4B-00C04F79EFBC}") = "FlowBoard.Infrastructure", "FlowBoard.Infrastructure\FlowBoard.Infrastructure.csproj", "{447D54D7-7E51-41A4-BEC0-E1A61DF46756}"
EndProject
Project("{FAE04EC0-301F-11D3-BF4B-00C04F79EFBC}") = "FlowBoard.Web", "FlowBoard.Web\FlowBoard.Web.csproj", "{99D4B6BE-5578-32A8-0E89-9CC75D097011}"
EndProject
Project("{FAE04EC0-301F-11D3-BF4B-00C04F79EFBC}") = "FlowBoard.AppHost", "FlowBoard.AppHost\FlowBoard.AppHost.csproj", "{9CF00CA3-498A-44A1-8061-E65BF89C4191}"
EndProject
Project("{FAE04EC0-301F-11D3-BF4B-00C04F79EFBC}") = "FlowBoard.ServiceDefaults", "FlowBoard.ServiceDefaults\FlowBoard.ServiceDefaults.csproj", "{09BA22A2-EEF8-F87A-A9ED-B3B5AFA98596}"
EndProject
Project("{FAE04EC0-301F-11D3-BF4B-00C04F79EFBC}") = "FlowBoard.Domain.Tests", "..\tests\FlowBoard.Domain.Tests\FlowBoard.Domain.Tests.csproj", "{914FC4FE-D994-4EDD-9897-7824BCFC175A}"
EndProject
Project("{FAE04EC0-301F-11D3-BF4B-00C04F79EFBC}") = "FlowBoard.Application.Tests", "..\tests\FlowBoard.Application.Tests\FlowBoard.Application.Tests.csproj", "{81D26345-4682-4C3E-A845-93C842999A7B}"
EndProject
Project("{FAE04EC0-301F-11D3-BF4B-00C04F79EFBC}") = "FlowBoard.Architecture.Tests", "..\tests\FlowBoard.Architecture.Tests\FlowBoard.Architecture.Tests.csproj", "{9B8F21DE-D0F1-48EE-895F-CFC52E36C6E8}"
EndProject
Project("{2150E333-8FDC-42A3-9474-1A3956D46DE8}") = "Tests", "Tests", "{02EA681E-C7D8-13C7-8484-4AC65E1B71E8}"
EndProject
Global
	GlobalSection(SolutionConfigurationPlatforms) = preSolution
		Debug|Any CPU = Debug|Any CPU
		Release|Any CPU = Release|Any CPU
	EndGlobalSection
	GlobalSection(ProjectConfigurationPlatforms) = postSolution
		{4621607A-BA49-4A38-80A8-0EDE8512FB4E}.Debug|Any CPU.ActiveCfg = Debug|Any CPU
		{4621607A-BA49-4A38-80A8-0EDE8512FB4E}.Debug|Any CPU.Build.0 = Debug|Any CPU
		{4621607A-BA49-4A38-80A8-0EDE8512FB4E}.Release|Any CPU.ActiveCfg = Release|Any CPU
		{4621607A-BA49-4A38-80A8-0EDE8512FB4E}.Release|Any CPU.Build.0 = Release|Any CPU
		{8DDF5BE4-8D38-42BC-89D2-C10A5D151CA8}.Debug|Any CPU.ActiveCfg = Debug|Any CPU
		{8DDF5BE4-8D38-42BC-89D2-C10A5D151CA8}.Debug|Any CPU.Build.0 = Debug|Any CPU
		{8DDF5BE4-8D38-42BC-89D2-C10A5D151CA8}.Release|Any CPU.ActiveCfg = Release|Any CPU
		{8DDF5BE4-8D38-42BC-89D2-C10A5D151CA8}.Release|Any CPU.Build.0 = Release|Any CPU
		{447D54D7-7E51-41A4-BEC0-E1A61DF46756}.Debug|Any CPU.ActiveCfg = Debug|Any CPU
		{447D54D7-7E51-41A4-BEC0-E1A61DF46756}.Debug|Any CPU.Build.0 = Debug|Any CPU
		{447D54D7-7E51-41A4-BEC0-E1A61DF46756}.Release|Any CPU.ActiveCfg = Release|Any CPU
		{447D54D7-7E51-41A4-BEC0-E1A61DF46756}.Release|Any CPU.Build.0 = Release|Any CPU
		{99D4B6BE-5578-32A8-0E89-9CC75D097011}.Debug|Any CPU.ActiveCfg = Debug|Any CPU
		{99D4B6BE-5578-32A8-0E89-9CC75D097011}.Debug|Any CPU.Build.0 = Debug|Any CPU
		{99D4B6BE-5578-32A8-0E89-9CC75D097011}.Release|Any CPU.ActiveCfg = Release|Any CPU
		{99D4B6BE-5578-32A8-0E89-9CC75D097011}.Release|Any CPU.Build.0 = Release|Any CPU
		{9CF00CA3-498A-44A1-8061-E65BF89C4191}.Debug|Any CPU.ActiveCfg = Debug|Any CPU
		{9CF00CA3-498A-44A1-8061-E65BF89C4191}.Debug|Any CPU.Build.0 = Debug|Any CPU
		{9CF00CA3-498A-44A1-8061-E65BF89C4191}.Release|Any CPU.ActiveCfg = Release|Any CPU
		{9CF00CA3-498A-44A1-8061-E65BF89C4191}.Release|Any CPU.Build.0 = Release|Any CPU
		{09BA22A2-EEF8-F87A-A9ED-B3B5AFA98596}.Debug|Any CPU.ActiveCfg = Debug|Any CPU
		{09BA22A2-EEF8-F87A-A9ED-B3B5AFA98596}.Debug|Any CPU.Build.0 = Debug|Any CPU
		{09BA22A2-EEF8-F87A-A9ED-B3B5AFA98596}.Release|Any CPU.ActiveCfg = Release|Any CPU
		{09BA22A2-EEF8-F87A-A9ED-B3B5AFA98596}.Release|Any CPU.Build.0 = Release|Any CPU
		{914FC4FE-D994-4EDD-9897-7824BCFC175A}.Debug|Any CPU.ActiveCfg = Debug|Any CPU
		{914FC4FE-D994-4EDD-9897-7824BCFC175A}.Debug|Any CPU.Build.0 = Debug|Any CPU
		{914FC4FE-D994-4EDD-9897-7824BCFC175A}.Release|Any CPU.ActiveCfg = Release|Any CPU
		{914FC4FE-D994-4EDD-9897-7824BCFC175A}.Release|Any CPU.Build.0 = Release|Any CPU
		{81D26345-4682-4C3E-A845-93C842999A7B}.Debug|Any CPU.ActiveCfg = Debug|Any CPU
		{81D26345-4682-4C3E-A845-93C842999A7B}.Debug|Any CPU.Build.0 = Debug|Any CPU
		{81D26345-4682-4C3E-A845-93C842999A7B}.Release|Any CPU.ActiveCfg = Release|Any CPU
		{81D26345-4682-4C3E-A845-93C842999A7B}.Release|Any CPU.Build.0 = Release|Any CPU
		{9B8F21DE-D0F1-48EE-895F-CFC52E36C6E8}.Debug|Any CPU.ActiveCfg = Debug|Any CPU
		{9B8F21DE-D0F1-48EE-895F-CFC52E36C6E8}.Debug|Any CPU.Build.0 = Debug|Any CPU
		{9B8F21DE-D0F1-48EE-895F-CFC52E36C6E8}.Release|Any CPU.ActiveCfg = Release|Any CPU
		{9B8F21DE-D0F1-48EE-895F-CFC52E36C6E8}.Release|Any CPU.Build.0 = Release|Any CPU
	EndGlobalSection
	GlobalSection(SolutionProperties) = preSolution
		HideSolutionNode = FALSE
	EndGlobalSection
	GlobalSection(NestedProjects) = preSolution
		{914FC4FE-D994-4EDD-9897-7824BCFC175A} = {02EA681E-C7D8-13C7-8484-4AC65E1B71E8}
		{81D26345-4682-4C3E-A845-93C842999A7B} = {02EA681E-C7D8-13C7-8484-4AC65E1B71E8}
		{9B8F21DE-D0F1-48EE-895F-CFC52E36C6E8} = {02EA681E-C7D8-13C7-8484-4AC65E1B71E8}
	EndGlobalSection
	GlobalSection(ExtensibilityGlobals) = postSolution
		SolutionGuid = {8C0155B9-6897-4254-A7BE-04409D9111DA}
	EndGlobalSection
EndGlobal
